{
  "version": 4,
  "terraform_version": "1.1.0",
  "serial": 245,
  "lineage": "e7fac311-4ed1-d341-35c8-d0456f77e90f",
  "outputs": {
    "external_ip_address_haproxy": {
      "value": "51.250.72.250",
      "type": "string"
    },
    "external_ip_address_reactjs": {
      "value": "51.250.90.20",
      "type": "string"
    },
    "external_ip_address_vm_1": {
      "value": "51.250.67.243",
      "type": "string"
    },
    "external_ip_address_vm_2": {
      "value": "51.250.10.156",
      "type": "string"
    },
    "internal_instance_ip": {
      "value": [
        "192.168.10.22",
        "192.168.10.11"
      ],
      "type": [
        "tuple",
        [
          "string",
          "string"
        ]
      ]
    },
    "internal_ip_address_": {
      "value": "192.168.10.26",
      "type": "string"
    },
    "internal_ip_address_haproxy": {
      "value": "192.168.10.37",
      "type": "string"
    },
    "internal_ip_address_vm_2": {
      "value": "192.168.10.11",
      "type": "string"
    }
  },
  "resources": [
    {
      "mode": "managed",
      "type": "yandex_compute_instance",
      "name": "vm-1",
      "provider": "provider[\"registry.terraform.io/yandex-cloud/yandex\"]",
      "instances": [
        {
          "schema_version": 1,
          "attributes": {
            "allow_recreate": null,
            "allow_stopping_for_update": null,
            "boot_disk": [
              {
                "auto_delete": true,
                "device_name": "fhmanuoho2e483r4buhq",
                "disk_id": "fhmanuoho2e483r4buhq",
                "initialize_params": [
                  {
                    "block_size": 4096,
                    "description": "",
                    "image_id": "fd87tirk5i8vitv9uuo1",
                    "name": "",
                    "size": 5,
                    "snapshot_id": "",
                    "type": "network-hdd"
                  }
                ],
                "mode": "READ_WRITE"
              }
            ],
            "created_at": "2022-08-04T17:47:37Z",
            "description": "",
            "folder_id": "b1gnlcb1hiv9e03692tv",
            "fqdn": "fhmaai3jt7foa9ubjanm.auto.internal",
            "hostname": "",
            "id": "fhmaai3jt7foa9ubjanm",
            "labels": null,
            "local_disk": [],
            "metadata": {
              "ssh-keys": "ubuntu:ssh-rsa AAAAB3NzaC1yc2EAAAADAQABAAABAQDmPORfJOwZfPeI5z9kyRUAtXyIGyWE+0IJ6DlLJwxEU2NfIhNdeJW9P0tYJOsymHmYJW+XHHArXfYQQeV2yGx/0uOfN6nUCeWBfNIPpsbKuDmQRQ5bOanA9haN1Yi9ZV3FoGuRXzJYocU/1CRuG68mlWA8kqUvwa1+gc7tsJFuEu3WLnqWXb7wXbiyjV/VCD6Zf+ZkeMWfer+FbTeKPxIbAKhp/WBX5yG8ZxO8UoiZOHZ88XTl4j0HCjVUkZLhMH4S21x958wXSLrdBmKG7nS+N4au9sJMUtcIW7hnk+BtgqDvJwykgkE8J25xlDu7A+gh/R7bPpwbHtNV3LhXx+Wn tapok\n\n"
            },
            "name": "test",
            "network_acceleration_type": "standard",
            "network_interface": [
              {
                "dns_record": [],
                "index": 0,
                "ip_address": "192.168.10.22",
                "ipv4": true,
                "ipv6": false,
                "ipv6_address": "",
                "ipv6_dns_record": [],
                "mac_address": "d0:0d:a5:48:73:e9",
                "nat": true,
                "nat_dns_record": [],
                "nat_ip_address": "51.250.67.243",
                "nat_ip_version": "IPV4",
                "security_group_ids": [],
                "subnet_id": "e9bolfa88mj3kucdm3j6"
              }
            ],
            "placement_policy": [
              {
                "host_affinity_rules": [],
                "placement_group_id": ""
              }
            ],
            "platform_id": "standard-v1",
            "resources": [
              {
                "core_fraction": 100,
                "cores": 2,
                "gpus": 0,
                "memory": 2
              }
            ],
            "scheduling_policy": [
              {
                "preemptible": false
              }
            ],
            "secondary_disk": [],
            "service_account_id": "",
            "status": "running",
            "timeouts": null,
            "zone": "ru-central1-a"
          },
          "sensitive_attributes": [],
          "private": "eyJlMmJmYjczMC1lY2FhLTExZTYtOGY4OC0zNDM2M2JjN2M0YzAiOnsiY3JlYXRlIjozMDAwMDAwMDAwMDAsImRlbGV0ZSI6MzAwMDAwMDAwMDAwLCJ1cGRhdGUiOjMwMDAwMDAwMDAwMH0sInNjaGVtYV92ZXJzaW9uIjoiMSJ9",
          "dependencies": [
            "yandex_vpc_network.network-1",
            "yandex_vpc_subnet.subnet-1"
          ]
        }
      ]
    },
    {
      "mode": "managed",
      "type": "yandex_compute_instance",
      "name": "vm-2",
      "provider": "provider[\"registry.terraform.io/yandex-cloud/yandex\"]",
      "instances": [
        {
          "schema_version": 1,
          "attributes": {
            "allow_recreate": null,
            "allow_stopping_for_update": null,
            "boot_disk": [
              {
                "auto_delete": true,
                "device_name": "fhm3mfhhf83kao6bvgpq",
                "disk_id": "fhm3mfhhf83kao6bvgpq",
                "initialize_params": [
                  {
                    "block_size": 4096,
                    "description": "",
                    "image_id": "fd87tirk5i8vitv9uuo1",
                    "name": "",
                    "size": 5,
                    "snapshot_id": "",
                    "type": "network-hdd"
                  }
                ],
                "mode": "READ_WRITE"
              }
            ],
            "created_at": "2022-08-04T17:47:37Z",
            "description": "",
            "folder_id": "b1gnlcb1hiv9e03692tv",
            "fqdn": "fhm71ui9kc088nq1ik9u.auto.internal",
            "hostname": "",
            "id": "fhm71ui9kc088nq1ik9u",
            "labels": null,
            "local_disk": [],
            "metadata": {
              "ssh-keys": "ubuntu:ssh-rsa AAAAB3NzaC1yc2EAAAADAQABAAABAQDmPORfJOwZfPeI5z9kyRUAtXyIGyWE+0IJ6DlLJwxEU2NfIhNdeJW9P0tYJOsymHmYJW+XHHArXfYQQeV2yGx/0uOfN6nUCeWBfNIPpsbKuDmQRQ5bOanA9haN1Yi9ZV3FoGuRXzJYocU/1CRuG68mlWA8kqUvwa1+gc7tsJFuEu3WLnqWXb7wXbiyjV/VCD6Zf+ZkeMWfer+FbTeKPxIbAKhp/WBX5yG8ZxO8UoiZOHZ88XTl4j0HCjVUkZLhMH4S21x958wXSLrdBmKG7nS+N4au9sJMUtcIW7hnk+BtgqDvJwykgkE8J25xlDu7A+gh/R7bPpwbHtNV3LhXx+Wn tapok\n\n"
            },
            "name": "test-2",
            "network_acceleration_type": "standard",
            "network_interface": [
              {
                "dns_record": [],
                "index": 0,
                "ip_address": "192.168.10.11",
                "ipv4": true,
                "ipv6": false,
                "ipv6_address": "",
                "ipv6_dns_record": [],
                "mac_address": "d0:0d:70:fa:49:a3",
                "nat": true,
                "nat_dns_record": [],
                "nat_ip_address": "51.250.10.156",
                "nat_ip_version": "IPV4",
                "security_group_ids": [],
                "subnet_id": "e9bolfa88mj3kucdm3j6"
              }
            ],
            "placement_policy": [
              {
                "host_affinity_rules": [],
                "placement_group_id": ""
              }
            ],
            "platform_id": "standard-v1",
            "resources": [
              {
                "core_fraction": 100,
                "cores": 2,
                "gpus": 0,
                "memory": 2
              }
            ],
            "scheduling_policy": [
              {
                "preemptible": false
              }
            ],
            "secondary_disk": [],
            "service_account_id": "",
            "status": "running",
            "timeouts": null,
            "zone": "ru-central1-a"
          },
          "sensitive_attributes": [],
          "private": "eyJlMmJmYjczMC1lY2FhLTExZTYtOGY4OC0zNDM2M2JjN2M0YzAiOnsiY3JlYXRlIjozMDAwMDAwMDAwMDAsImRlbGV0ZSI6MzAwMDAwMDAwMDAwLCJ1cGRhdGUiOjMwMDAwMDAwMDAwMH0sInNjaGVtYV92ZXJzaW9uIjoiMSJ9",
          "dependencies": [
            "yandex_vpc_network.network-1",
            "yandex_vpc_subnet.subnet-1"
          ]
        }
      ]
    },
    {
      "mode": "managed",
      "type": "yandex_compute_instance",
      "name": "vm-3",
      "provider": "provider[\"registry.terraform.io/yandex-cloud/yandex\"]",
      "instances": [
        {
          "schema_version": 1,
          "attributes": {
            "allow_recreate": null,
            "allow_stopping_for_update": null,
            "boot_disk": [
              {
                "auto_delete": true,
                "device_name": "fhm7i682ghfvs5gikdvv",
                "disk_id": "fhm7i682ghfvs5gikdvv",
                "initialize_params": [
                  {
                    "block_size": 4096,
                    "description": "",
                    "image_id": "fd87tirk5i8vitv9uuo1",
                    "name": "",
                    "size": 5,
                    "snapshot_id": "",
                    "type": "network-hdd"
                  }
                ],
                "mode": "READ_WRITE"
              }
            ],
            "created_at": "2022-08-04T17:47:37Z",
            "description": "",
            "folder_id": "b1gnlcb1hiv9e03692tv",
            "fqdn": "fhm485tdh30p23psme1l.auto.internal",
            "hostname": "",
            "id": "fhm485tdh30p23psme1l",
            "labels": null,
            "local_disk": [],
            "metadata": {
              "ssh-keys": "ubuntu:ssh-rsa AAAAB3NzaC1yc2EAAAADAQABAAABAQDmPORfJOwZfPeI5z9kyRUAtXyIGyWE+0IJ6DlLJwxEU2NfIhNdeJW9P0tYJOsymHmYJW+XHHArXfYQQeV2yGx/0uOfN6nUCeWBfNIPpsbKuDmQRQ5bOanA9haN1Yi9ZV3FoGuRXzJYocU/1CRuG68mlWA8kqUvwa1+gc7tsJFuEu3WLnqWXb7wXbiyjV/VCD6Zf+ZkeMWfer+FbTeKPxIbAKhp/WBX5yG8ZxO8UoiZOHZ88XTl4j0HCjVUkZLhMH4S21x958wXSLrdBmKG7nS+N4au9sJMUtcIW7hnk+BtgqDvJwykgkE8J25xlDu7A+gh/R7bPpwbHtNV3LhXx+Wn tapok\n\n"
            },
            "name": "haproxy",
            "network_acceleration_type": "standard",
            "network_interface": [
              {
                "dns_record": [],
                "index": 0,
                "ip_address": "192.168.10.37",
                "ipv4": true,
                "ipv6": false,
                "ipv6_address": "",
                "ipv6_dns_record": [],
                "mac_address": "d0:0d:44:17:ad:88",
                "nat": true,
                "nat_dns_record": [],
                "nat_ip_address": "51.250.72.250",
                "nat_ip_version": "IPV4",
                "security_group_ids": [],
                "subnet_id": "e9bolfa88mj3kucdm3j6"
              }
            ],
            "placement_policy": [
              {
                "host_affinity_rules": [],
                "placement_group_id": ""
              }
            ],
            "platform_id": "standard-v1",
            "resources": [
              {
                "core_fraction": 100,
                "cores": 2,
                "gpus": 0,
                "memory": 2
              }
            ],
            "scheduling_policy": [
              {
                "preemptible": false
              }
            ],
            "secondary_disk": [],
            "service_account_id": "",
            "status": "running",
            "timeouts": null,
            "zone": "ru-central1-a"
          },
          "sensitive_attributes": [],
          "private": "eyJlMmJmYjczMC1lY2FhLTExZTYtOGY4OC0zNDM2M2JjN2M0YzAiOnsiY3JlYXRlIjozMDAwMDAwMDAwMDAsImRlbGV0ZSI6MzAwMDAwMDAwMDAwLCJ1cGRhdGUiOjMwMDAwMDAwMDAwMH0sInNjaGVtYV92ZXJzaW9uIjoiMSJ9",
          "dependencies": [
            "yandex_vpc_network.network-1",
            "yandex_vpc_subnet.subnet-1"
          ]
        }
      ]
    },
    {
      "mode": "managed",
      "type": "yandex_compute_instance",
      "name": "vm-4",
      "provider": "provider[\"registry.terraform.io/yandex-cloud/yandex\"]",
      "instances": [
        {
          "schema_version": 1,
          "attributes": {
            "allow_recreate": null,
            "allow_stopping_for_update": null,
            "boot_disk": [
              {
                "auto_delete": true,
                "device_name": "fhmnhi7vriesit0fe4pe",
                "disk_id": "fhmnhi7vriesit0fe4pe",
                "initialize_params": [
                  {
                    "block_size": 4096,
                    "description": "",
                    "image_id": "fd87tirk5i8vitv9uuo1",
                    "name": "",
                    "size": 5,
                    "snapshot_id": "",
                    "type": "network-hdd"
                  }
                ],
                "mode": "READ_WRITE"
              }
            ],
            "created_at": "2022-08-04T17:47:37Z",
            "description": "",
            "folder_id": "b1gnlcb1hiv9e03692tv",
            "fqdn": "fhm6u2msslvvmfj2n8ok.auto.internal",
            "hostname": "",
            "id": "fhm6u2msslvvmfj2n8ok",
            "labels": null,
            "local_disk": [],
            "metadata": {
              "ssh-keys": "ubuntu:ssh-rsa AAAAB3NzaC1yc2EAAAADAQABAAABAQDmPORfJOwZfPeI5z9kyRUAtXyIGyWE+0IJ6DlLJwxEU2NfIhNdeJW9P0tYJOsymHmYJW+XHHArXfYQQeV2yGx/0uOfN6nUCeWBfNIPpsbKuDmQRQ5bOanA9haN1Yi9ZV3FoGuRXzJYocU/1CRuG68mlWA8kqUvwa1+gc7tsJFuEu3WLnqWXb7wXbiyjV/VCD6Zf+ZkeMWfer+FbTeKPxIbAKhp/WBX5yG8ZxO8UoiZOHZ88XTl4j0HCjVUkZLhMH4S21x958wXSLrdBmKG7nS+N4au9sJMUtcIW7hnk+BtgqDvJwykgkE8J25xlDu7A+gh/R7bPpwbHtNV3LhXx+Wn tapok\n\n"
            },
            "name": "reactjs",
            "network_acceleration_type": "standard",
            "network_interface": [
              {
                "dns_record": [],
                "index": 0,
                "ip_address": "192.168.10.26",
                "ipv4": true,
                "ipv6": false,
                "ipv6_address": "",
                "ipv6_dns_record": [],
                "mac_address": "d0:0d:6f:0a:dc:e5",
                "nat": true,
                "nat_dns_record": [],
                "nat_ip_address": "51.250.90.20",
                "nat_ip_version": "IPV4",
                "security_group_ids": [],
                "subnet_id": "e9bolfa88mj3kucdm3j6"
              }
            ],
            "placement_policy": [
              {
                "host_affinity_rules": [],
                "placement_group_id": ""
              }
            ],
            "platform_id": "standard-v1",
            "resources": [
              {
                "core_fraction": 100,
                "cores": 2,
                "gpus": 0,
                "memory": 2
              }
            ],
            "scheduling_policy": [
              {
                "preemptible": false
              }
            ],
            "secondary_disk": [],
            "service_account_id": "",
            "status": "running",
            "timeouts": null,
            "zone": "ru-central1-a"
          },
          "sensitive_attributes": [],
          "private": "eyJlMmJmYjczMC1lY2FhLTExZTYtOGY4OC0zNDM2M2JjN2M0YzAiOnsiY3JlYXRlIjozMDAwMDAwMDAwMDAsImRlbGV0ZSI6MzAwMDAwMDAwMDAwLCJ1cGRhdGUiOjMwMDAwMDAwMDAwMH0sInNjaGVtYV92ZXJzaW9uIjoiMSJ9",
          "dependencies": [
            "yandex_vpc_network.network-1",
            "yandex_vpc_subnet.subnet-1"
          ]
        }
      ]
    },
    {
      "mode": "managed",
      "type": "yandex_vpc_network",
      "name": "network-1",
      "provider": "provider[\"registry.terraform.io/yandex-cloud/yandex\"]",
      "instances": [
        {
          "schema_version": 0,
          "attributes": {
            "created_at": "2022-08-04T17:47:35Z",
            "default_security_group_id": "",
            "description": "",
            "folder_id": "b1gnlcb1hiv9e03692tv",
            "id": "enpk1jvesherr5ml2s7d",
            "labels": {},
            "name": "network-1",
            "subnet_ids": [],
            "timeouts": null
          },
          "sensitive_attributes": [],
          "private": "eyJlMmJmYjczMC1lY2FhLTExZTYtOGY4OC0zNDM2M2JjN2M0YzAiOnsiY3JlYXRlIjo2MDAwMDAwMDAwMCwiZGVsZXRlIjo2MDAwMDAwMDAwMCwidXBkYXRlIjo2MDAwMDAwMDAwMH19"
        }
      ]
    },
    {
      "mode": "managed",
      "type": "yandex_vpc_subnet",
      "name": "subnet-1",
      "provider": "provider[\"registry.terraform.io/yandex-cloud/yandex\"]",
      "instances": [
        {
          "schema_version": 0,
          "attributes": {
            "created_at": "2022-08-04T17:47:36Z",
            "description": "",
            "dhcp_options": [],
            "folder_id": "b1gnlcb1hiv9e03692tv",
            "id": "e9bolfa88mj3kucdm3j6",
            "labels": {},
            "name": "subnet1",
            "network_id": "enpk1jvesherr5ml2s7d",
            "route_table_id": "",
            "timeouts": null,
            "v4_cidr_blocks": [
              "192.168.10.0/24"
            ],
            "v6_cidr_blocks": [],
            "zone": "ru-central1-a"
          },
          "sensitive_attributes": [],
          "private": "eyJlMmJmYjczMC1lY2FhLTExZTYtOGY4OC0zNDM2M2JjN2M0YzAiOnsiY3JlYXRlIjoxODAwMDAwMDAwMDAsImRlbGV0ZSI6MTgwMDAwMDAwMDAwLCJ1cGRhdGUiOjE4MDAwMDAwMDAwMH19",
          "dependencies": [
            "yandex_vpc_network.network-1"
          ]
        }
      ]
    }
  ]
}
